{
  "name": "@aibulat/run",
  "version": "0.0.1",
  "lockfileVersion": 2,
  "requires": true,
  "packages": {
    "": {
      "name": "@aibulat/run",
      "version": "0.0.1",
      "license": "MIT",
      "dependencies": {
        "@aibulat/isfile": "^0.0.3",
        "dotenv": "^16.0.3"
      },
      "devDependencies": {
        "@types/node": "^18.11.9"
      }
    },
    "node_modules/@aibulat/isfile": {
      "version": "0.0.3",
      "resolved": "https://registry.npmjs.org/@aibulat/isfile/-/isfile-0.0.3.tgz",
      "integrity": "sha512-17Ojj0GWOTkge19TJeFp+8kx0kA1T8O2Tzrz9ysvlOYpI7K9qkSHsVseWvg2GCZzW8F671Gsoe3oUPTQTmO+oA=="
    },
    "node_modules/@types/node": {
      "version": "18.11.9",
      "resolved": "https://registry.npmjs.org/@types/node/-/node-18.11.9.tgz",
      "integrity": "sha512-CRpX21/kGdzjOpFsZSkcrXMGIBWMGNIHXXBVFSH+ggkftxg+XYP20TESbh+zFvFj3EQOl5byk0HTRn1IL6hbqg==",
      "dev": true
    },
    "node_modules/dotenv": {
      "version": "16.0.3",
      "resolved": "https://registry.npmjs.org/dotenv/-/dotenv-16.0.3.tgz",
      "integrity": "sha512-7GO6HghkA5fYG9TYnNxi14/7K9f5occMlp3zXAuSxn7CKCxt9xbNWG7yF8hTCSUchlfWSe3uLmlPfigevRItzQ==",
      "engines": {
        "node": ">=12"
      }
    }
  },
  "dependencies": {
    "@aibulat/isfile": {
      "version": "0.0.3",
      "resolved": "https://registry.npmjs.org/@aibulat/isfile/-/isfile-0.0.3.tgz",
      "integrity": "sha512-17Ojj0GWOTkge19TJeFp+8kx0kA1T8O2Tzrz9ysvlOYpI7K9qkSHsVseWvg2GCZzW8F671Gsoe3oUPTQTmO+oA=="
    },
    "@types/node": {
      "version": "18.11.9",
      "resolved": "https://registry.npmjs.org/@types/node/-/node-18.11.9.tgz",
      "integrity": "sha512-CRpX21/kGdzjOpFsZSkcrXMGIBWMGNIHXXBVFSH+ggkftxg+XYP20TESbh+zFvFj3EQOl5byk0HTRn1IL6hbqg==",
      "dev": true
    },
    "dotenv": {
      "version": "16.0.3",
      "resolved": "https://registry.npmjs.org/dotenv/-/dotenv-16.0.3.tgz",
      "integrity": "sha512-7GO6HghkA5fYG9TYnNxi14/7K9f5occMlp3zXAuSxn7CKCxt9xbNWG7yF8hTCSUchlfWSe3uLmlPfigevRItzQ=="
    }
  }
}
